// !$*UTF8*$!
{
	archiveVersion = 1;
	classes = {
	};
	objectVersion = 50;
	objects = {

/* Begin PBXBuildFile section */
		2A60476C24DC584A00E082C7 /* AppDelegate.swift in Sources */ = {isa = PBXBuildFile; fileRef = 2A60476B24DC584A00E082C7 /* AppDelegate.swift */; };
		2A60476E24DC584A00E082C7 /* SceneDelegate.swift in Sources */ = {isa = PBXBuildFile; fileRef = 2A60476D24DC584A00E082C7 /* SceneDelegate.swift */; };
		2A60477024DC584A00E082C7 /* ViewController.swift in Sources */ = {isa = PBXBuildFile; fileRef = 2A60476F24DC584A00E082C7 /* ViewController.swift */; };
		2A60477324DC584A00E082C7 /* Main.storyboard in Resources */ = {isa = PBXBuildFile; fileRef = 2A60477124DC584A00E082C7 /* Main.storyboard */; };
		2A60477524DC584B00E082C7 /* Assets.xcassets in Resources */ = {isa = PBXBuildFile; fileRef = 2A60477424DC584B00E082C7 /* Assets.xcassets */; };
		2A60477824DC584B00E082C7 /* LaunchScreen.storyboard in Resources */ = {isa = PBXBuildFile; fileRef = 2A60477624DC584B00E082C7 /* LaunchScreen.storyboard */; };
		2A60478324DC584B00E082C7 /* HelloTests.swift in Sources */ = {isa = PBXBuildFile; fileRef = 2A60478224DC584B00E082C7 /* HelloTests.swift */; };
		2A60478E24DC584C00E082C7 /* HelloUITests.swift in Sources */ = {isa = PBXBuildFile; fileRef = 2A60478D24DC584C00E082C7 /* HelloUITests.swift */; };
/* End PBXBuildFile section */

/* Begin PBXContainerItemProxy section */
		2A60477F24DC584B00E082C7 /* PBXContainerItemProxy */ = {
			isa = PBXContainerItemProxy;
			containerPortal = 2A60476024DC584A00E082C7 /* Project object */;
			proxyType = 1;
			remoteGlobalIDString = 2A60476724DC584A00E082C7;
			remoteInfo = Hello;
		};
		2A60478A24DC584B00E082C7 /* PBXContainerItemProxy */ = {
			isa = PBXContainerItemProxy;
			containerPortal = 2A60476024DC584A00E082C7 /* Project object */;
			proxyType = 1;
			remoteGlobalIDString = 2A60476724DC584A00E082C7;
			remoteInfo = Hello;
		};
/* End PBXContainerItemProxy section */

/* Begin PBXFileReference section */
		2A60476824DC584A00E082C7 /* Hello.app */ = {isa = PBXFileReference; explicitFileType = wrapper.application; includeInIndex = 0; path = Hello.app; sourceTree = BUILT_PRODUCTS_DIR; };
		2A60476B24DC584A00E082C7 /* AppDelegate.swift */ = {isa = PBXFileReference; lastKnownFileType = sourcecode.swift; path = AppDelegate.swift; sourceTree = "<group>"; };
		2A60476D24DC584A00E082C7 /* SceneDelegate.swift */ = {isa = PBXFileReference; lastKnownFileType = sourcecode.swift; path = SceneDelegate.swift; sourceTree = "<group>"; };
		2A60476F24DC584A00E082C7 /* ViewController.swift */ = {isa = PBXFileReference; lastKnownFileType = sourcecode.swift; path = ViewController.swift; sourceTree = "<group>"; };
		2A60477224DC584A00E082C7 /* Base */ = {isa = PBXFileReference; lastKnownFileType = file.storyboard; name = Base; path = Base.lproj/Main.storyboard; sourceTree = "<group>"; };
		2A60477424DC584B00E082C7 /* Assets.xcassets */ = {isa = PBXFileReference; lastKnownFileType = folder.assetcatalog; path = Assets.xcassets; sourceTree = "<group>"; };
		2A60477724DC584B00E082C7 /* Base */ = {isa = PBXFileReference; lastKnownFileType = file.storyboard; name = Base; path = Base.lproj/LaunchScreen.storyboard; sourceTree = "<group>"; };
		2A60477924DC584B00E082C7 /* Info.plist */ = {isa = PBXFileReference; lastKnownFileType = text.plist.xml; path = Info.plist; sourceTree = "<group>"; };
		2A60477E24DC584B00E082C7 /* HelloTests.xctest */ = {isa = PBXFileReference; explicitFileType = wrapper.cfbundle; includeInIndex = 0; path = HelloTests.xctest; sourceTree = BUILT_PRODUCTS_DIR; };
		2A60478224DC584B00E082C7 /* HelloTests.swift */ = {isa = PBXFileReference; lastKnownFileType = sourcecode.swift; path = HelloTests.swift; sourceTree = "<group>"; };
		2A60478424DC584B00E082C7 /* Info.plist */ = {isa = PBXFileReference; lastKnownFileType = text.plist.xml; path = Info.plist; sourceTree = "<group>"; };
		2A60478924DC584B00E082C7 /* HelloUITests.xctest */ = {isa = PBXFileReference; explicitFileType = wrapper.cfbundle; includeInIndex = 0; path = HelloUITests.xctest; sourceTree = BUILT_PRODUCTS_DIR; };
		2A60478D24DC584C00E082C7 /* HelloUITests.swift */ = {isa = PBXFileReference; lastKnownFileType = sourcecode.swift; path = HelloUITests.swift; sourceTree = "<group>"; };
		2A60478F24DC584C00E082C7 /* Info.plist */ = {isa = PBXFileReference; lastKnownFileType = text.plist.xml; path = Info.plist; sourceTree = "<group>"; };
/* End PBXFileReference section */

/* Begin PBXFrameworksBuildPhase section */
		2A60476524DC584A00E082C7 /* Frameworks */ = {
			isa = PBXFrameworksBuildPhase;
			buildActionMask = 2147483647;
			files = (
			);
			runOnlyForDeploymentPostprocessing = 0;
		};
		2A60477B24DC584B00E082C7 /* Frameworks */ = {
			isa = PBXFrameworksBuildPhase;
			buildActionMask = 2147483647;
			files = (
			);
			runOnlyForDeploymentPostprocessing = 0;
		};
		2A60478624DC584B00E082C7 /* Frameworks */ = {
			isa = PBXFrameworksBuildPhase;
			buildActionMask = 2147483647;
			files = (
			);
			runOnlyForDeploymentPostprocessing = 0;
		};
/* End PBXFrameworksBuildPhase section */

/* Begin PBXGroup section */
		2A60475F24DC584A00E082C7 = {
			isa = PBXGroup;
			children = (
				2A60476A24DC584A00E082C7 /* Hello */,
				2A60478124DC584B00E082C7 /* HelloTests */,
				2A60478C24DC584C00E082C7 /* HelloUITests */,
				2A60476924DC584A00E082C7 /* Products */,
			);
			sourceTree = "<group>";
		};
		2A60476924DC584A00E082C7 /* Products */ = {
			isa = PBXGroup;
			children = (
				2A60476824DC584A00E082C7 /* Hello.app */,
				2A60477E24DC584B00E082C7 /* HelloTests.xctest */,
				2A60478924DC584B00E082C7 /* HelloUITests.xctest */,
			);
			name = Products;
			sourceTree = "<group>";
		};
		2A60476A24DC584A00E082C7 /* Hello */ = {
			isa = PBXGroup;
			children = (
				2A60476B24DC584A00E082C7 /* AppDelegate.swift */,
				2A60476D24DC584A00E082C7 /* SceneDelegate.swift */,
				2A60476F24DC584A00E082C7 /* ViewController.swift */,
				2A60477124DC584A00E082C7 /* Main.storyboard */,
				2A60477424DC584B00E082C7 /* Assets.xcassets */,
				2A60477624DC584B00E082C7 /* LaunchScreen.storyboard */,
				2A60477924DC584B00E082C7 /* Info.plist */,
			);
			path = Hello;
			sourceTree = "<group>";
		};
		2A60478124DC584B00E082C7 /* HelloTests */ = {
			isa = PBXGroup;
			children = (
				2A60478224DC584B00E082C7 /* HelloTests.swift */,
				2A60478424DC584B00E082C7 /* Info.plist */,
			);
			path = HelloTests;
			sourceTree = "<group>";
		};
		2A60478C24DC584C00E082C7 /* HelloUITests */ = {
			isa = PBXGroup;
			children = (
				2A60478D24DC584C00E082C7 /* HelloUITests.swift */,
				2A60478F24DC584C00E082C7 /* Info.plist */,
			);
			path = HelloUITests;
			sourceTree = "<group>";
		};
/* End PBXGroup section */

/* Begin PBXNativeTarget section */
		2A60476724DC584A00E082C7 /* Hello */ = {
			isa = PBXNativeTarget;
			buildConfigurationList = 2A60479224DC584C00E082C7 /* Build configuration list for PBXNativeTarget "Hello" */;
			buildPhases = (
				2A60476424DC584A00E082C7 /* Sources */,
				2A60476524DC584A00E082C7 /* Frameworks */,
				2A60476624DC584A00E082C7 /* Resources */,
			);
			buildRules = (
			);
			dependencies = (
			);
			name = Hello;
			productName = Hello;
			productReference = 2A60476824DC584A00E082C7 /* Hello.app */;
			productType = "com.apple.product-type.application";
		};
		2A60477D24DC584B00E082C7 /* HelloTests */ = {
			isa = PBXNativeTarget;
			buildConfigurationList = 2A60479524DC584C00E082C7 /* Build configuration list for PBXNativeTarget "HelloTests" */;
			buildPhases = (
				2A60477A24DC584B00E082C7 /* Sources */,
				2A60477B24DC584B00E082C7 /* Frameworks */,
				2A60477C24DC584B00E082C7 /* Resources */,
			);
			buildRules = (
			);
			dependencies = (
				2A60478024DC584B00E082C7 /* PBXTargetDependency */,
			);
			name = HelloTests;
			productName = HelloTests;
			productReference = 2A60477E24DC584B00E082C7 /* HelloTests.xctest */;
			productType = "com.apple.product-type.bundle.unit-test";
		};
		2A60478824DC584B00E082C7 /* HelloUITests */ = {
			isa = PBXNativeTarget;
			buildConfigurationList = 2A60479824DC584C00E082C7 /* Build configuration list for PBXNativeTarget "HelloUITests" */;
			buildPhases = (
				2A60478524DC584B00E082C7 /* Sources */,
				2A60478624DC584B00E082C7 /* Frameworks */,
				2A60478724DC584B00E082C7 /* Resources */,
			);
			buildRules = (
			);
			dependencies = (
				2A60478B24DC584B00E082C7 /* PBXTargetDependency */,
			);
			name = HelloUITests;
			productName = HelloUITests;
			productReference = 2A60478924DC584B00E082C7 /* HelloUITests.xctest */;
			productType = "com.apple.product-type.bundle.ui-testing";
		};
/* End PBXNativeTarget section */

/* Begin PBXProject section */
		2A60476024DC584A00E082C7 /* Project object */ = {
			isa = PBXProject;
			attributes = {
				LastSwiftUpdateCheck = 1150;
				LastUpgradeCheck = 1150;
				ORGANIZATIONNAME = "Sophie Kim";
				TargetAttributes = {
					2A60476724DC584A00E082C7 = {
						CreatedOnToolsVersion = 11.5;
					};
					2A60477D24DC584B00E082C7 = {
						CreatedOnToolsVersion = 11.5;
						TestTargetID = 2A60476724DC584A00E082C7;
					};
					2A60478824DC584B00E082C7 = {
						CreatedOnToolsVersion = 11.5;
						TestTargetID = 2A60476724DC584A00E082C7;
					};
				};
			};
			buildConfigurationList = 2A60476324DC584A00E082C7 /* Build configuration list for PBXProject "Hello" */;
			compatibilityVersion = "Xcode 9.3";
			developmentRegion = en;
			hasScannedForEncodings = 0;
			knownRegions = (
				en,
				Base,
			);
			mainGroup = 2A60475F24DC584A00E082C7;
			productRefGroup = 2A60476924DC584A00E082C7 /* Products */;
			projectDirPath = "";
			projectRoot = "";
			targets = (
				2A60476724DC584A00E082C7 /* Hello */,
				2A60477D24DC584B00E082C7 /* HelloTests */,
				2A60478824DC584B00E082C7 /* HelloUITests */,
			);
		};
/* End PBXProject section */

/* Begin PBXResourcesBuildPhase section */
		2A60476624DC584A00E082C7 /* Resources */ = {
			isa = PBXResourcesBuildPhase;
			buildActionMask = 2147483647;
			files = (
				2A60477824DC584B00E082C7 /* LaunchScreen.storyboard in Resources */,
				2A60477524DC584B00E082C7 /* Assets.xcassets in Resources */,
				2A60477324DC584A00E082C7 /* Main.storyboard in Resources */,
			);
			runOnlyForDeploymentPostprocessing = 0;
		};
		2A60477C24DC584B00E082C7 /* Resources */ = {
			isa = PBXResourcesBuildPhase;
			buildActionMask = 2147483647;
			files = (
			);
			runOnlyForDeploymentPostprocessing = 0;
		};
		2A60478724DC584B00E082C7 /* Resources */ = {
			isa = PBXResourcesBuildPhase;
			buildActionMask = 2147483647;
			files = (
			);
			runOnlyForDeploymentPostprocessing = 0;
		};
/* End PBXResourcesBuildPhase section */

/* Begin PBXSourcesBuildPhase section */
		2A60476424DC584A00E082C7 /* Sources */ = {
			isa = PBXSourcesBuildPhase;
			buildActionMask = 2147483647;
			files = (
				2A60477024DC584A00E082C7 /* ViewController.swift in Sources */,
				2A60476C24DC584A00E082C7 /* AppDelegate.swift in Sources */,
				2A60476E24DC584A00E082C7 /* SceneDelegate.swift in Sources */,
			);
			runOnlyForDeploymentPostprocessing = 0;
		};
		2A60477A24DC584B00E082C7 /* Sources */ = {
			isa = PBXSourcesBuildPhase;
			buildActionMask = 2147483647;
			files = (
				2A60478324DC584B00E082C7 /* HelloTests.swift in Sources */,
			);
			runOnlyForDeploymentPostprocessing = 0;
		};
		2A60478524DC584B00E082C7 /* Sources */ = {
			isa = PBXSourcesBuildPhase;
			buildActionMask = 2147483647;
			files = (
				2A60478E24DC584C00E082C7 /* HelloUITests.swift in Sources */,
			);
			runOnlyForDeploymentPostprocessing = 0;
		};
/* End PBXSourcesBuildPhase section */

/* Begin PBXTargetDependency section */
		2A60478024DC584B00E082C7 /* PBXTargetDependency */ = {
			isa = PBXTargetDependency;
			target = 2A60476724DC584A00E082C7 /* Hello */;
			targetProxy = 2A60477F24DC584B00E082C7 /* PBXContainerItemProxy */;
		};
		2A60478B24DC584B00E082C7 /* PBXTargetDependency */ = {
			isa = PBXTargetDependency;
			target = 2A60476724DC584A00E082C7 /* Hello */;
			targetProxy = 2A60478A24DC584B00E082C7 /* PBXContainerItemProxy */;
		};
/* End PBXTargetDependency section */

/* Begin PBXVariantGroup section */
		2A60477124DC584A00E082C7 /* Main.storyboard */ = {
			isa = PBXVariantGroup;
			children = (
				2A60477224DC584A00E082C7 /* Base */,
			);
			name = Main.storyboard;
			sourceTree = "<group>";
		};
		2A60477624DC584B00E082C7 /* LaunchScreen.storyboard */ = {
			isa = PBXVariantGroup;
			children = (
				2A60477724DC584B00E082C7 /* Base */,
			);
			name = LaunchScreen.storyboard;
			sourceTree = "<group>";
		};
/* End PBXVariantGroup section */

/* Begin XCBuildConfiguration section */
		2A60479024DC584C00E082C7 /* Debug */ = {
			isa = XCBuildConfiguration;
			buildSettings = {
				ALWAYS_SEARCH_USER_PATHS = NO;
				CLANG_ANALYZER_NONNULL = YES;
				CLANG_ANALYZER_NUMBER_OBJECT_CONVERSION = YES_AGGRESSIVE;
				CLANG_CXX_LANGUAGE_STANDARD = "gnu++14";
				CLANG_CXX_LIBRARY = "libc++";
				CLANG_ENABLE_MODULES = YES;
				CLANG_ENABLE_OBJC_ARC = YES;
				CLANG_ENABLE_OBJC_WEAK = YES;
				CLANG_WARN_BLOCK_CAPTURE_AUTORELEASING = YES;
				CLANG_WARN_BOOL_CONVERSION = YES;
				CLANG_WARN_COMMA = YES;
				CLANG_WARN_CONSTANT_CONVERSION = YES;
				CLANG_WARN_DEPRECATED_OBJC_IMPLEMENTATIONS = YES;
				CLANG_WARN_DIRECT_OBJC_ISA_USAGE = YES_ERROR;
				CLANG_WARN_DOCUMENTATION_COMMENTS = YES;
				CLANG_WARN_EMPTY_BODY = YES;
				CLANG_WARN_ENUM_CONVERSION = YES;
				CLANG_WARN_INFINITE_RECURSION = YES;
				CLANG_WARN_INT_CONVERSION = YES;
				CLANG_WARN_NON_LITERAL_NULL_CONVERSION = YES;
				CLANG_WARN_OBJC_IMPLICIT_RETAIN_SELF = YES;
				CLANG_WARN_OBJC_LITERAL_CONVERSION = YES;
				CLANG_WARN_OBJC_ROOT_CLASS = YES_ERROR;
				CLANG_WARN_RANGE_LOOP_ANALYSIS = YES;
				CLANG_WARN_STRICT_PROTOTYPES = YES;
				CLANG_WARN_SUSPICIOUS_MOVE = YES;
				CLANG_WARN_UNGUARDED_AVAILABILITY = YES_AGGRESSIVE;
				CLANG_WARN_UNREACHABLE_CODE = YES;
				CLANG_WARN__DUPLICATE_METHOD_MATCH = YES;
				COPY_PHASE_STRIP = NO;
				DEBUG_INFORMATION_FORMAT = dwarf;
				ENABLE_STRICT_OBJC_MSGSEND = YES;
				ENABLE_TESTABILITY = YES;
				GCC_C_LANGUAGE_STANDARD = gnu11;
				GCC_DYNAMIC_NO_PIC = NO;
				GCC_NO_COMMON_BLOCKS = YES;
				GCC_OPTIMIZATION_LEVEL = 0;
				GCC_PREPROCESSOR_DEFINITIONS = (
					"DEBUG=1",
					"$(inherited)",
				);
				GCC_WARN_64_TO_32_BIT_CONVERSION = YES;
				GCC_WARN_ABOUT_RETURN_TYPE = YES_ERROR;
				GCC_WARN_UNDECLARED_SELECTOR = YES;
				GCC_WARN_UNINITIALIZED_AUTOS = YES_AGGRESSIVE;
				GCC_WARN_UNUSED_FUNCTION = YES;
				GCC_WARN_UNUSED_VARIABLE = YES;
				IPHONEOS_DEPLOYMENT_TARGET = 13.5;
				MTL_ENABLE_DEBUG_INFO = INCLUDE_SOURCE;
				MTL_FAST_MATH = YES;
				ONLY_ACTIVE_ARCH = YES;
				SDKROOT = iphoneos;
				SWIFT_ACTIVE_COMPILATION_CONDITIONS = DEBUG;
				SWIFT_OPTIMIZATION_LEVEL = "-Onone";
			};
			name = Debug;
		};
		2A60479124DC584C00E082C7 /* Release */ = {
			isa = XCBuildConfiguration;
			buildSettings = {
				ALWAYS_SEARCH_USER_PATHS = NO;
				CLANG_ANALYZER_NONNULL = YES;
				CLANG_ANALYZER_NUMBER_OBJECT_CONVERSION = YES_AGGRESSIVE;
				CLANG_CXX_LANGUAGE_STANDARD = "gnu++14";
				CLANG_CXX_LIBRARY = "libc++";
				CLANG_ENABLE_MODULES = YES;
				CLANG_ENABLE_OBJC_ARC = YES;
				CLANG_ENABLE_OBJC_WEAK = YES;
				CLANG_WARN_BLOCK_CAPTURE_AUTORELEASING = YES;
				CLANG_WARN_BOOL_CONVERSION = YES;
				CLANG_WARN_COMMA = YES;
				CLANG_WARN_CONSTANT_CONVERSION = YES;
				CLANG_WARN_DEPRECATED_OBJC_IMPLEMENTATIONS = YES;
				CLANG_WARN_DIRECT_OBJC_ISA_USAGE = YES_ERROR;
				CLANG_WARN_DOCUMENTATION_COMMENTS = YES;
				CLANG_WARN_EMPTY_BODY = YES;
				CLANG_WARN_ENUM_CONVERSION = YES;
				CLANG_WARN_INFINITE_RECURSION = YES;
				CLANG_WARN_INT_CONVERSION = YES;
				CLANG_WARN_NON_LITERAL_NULL_CONVERSION = YES;
				CLANG_WARN_OBJC_IMPLICIT_RETAIN_SELF = YES;
				CLANG_WARN_OBJC_LITERAL_CONVERSION = YES;
				CLANG_WARN_OBJC_ROOT_CLASS = YES_ERROR;
				CLANG_WARN_RANGE_LOOP_ANALYSIS = YES;
				CLANG_WARN_STRICT_PROTOTYPES = YES;
				CLANG_WARN_SUSPICIOUS_MOVE = YES;
				CLANG_WARN_UNGUARDED_AVAILABILITY = YES_AGGRESSIVE;
				CLANG_WARN_UNREACHABLE_CODE = YES;
				CLANG_WARN__DUPLICATE_METHOD_MATCH = YES;
				COPY_PHASE_STRIP = NO;
				DEBUG_INFORMATION_FORMAT = "dwarf-with-dsym";
				ENABLE_NS_ASSERTIONS = NO;
				ENABLE_STRICT_OBJC_MSGSEND = YES;
				GCC_C_LANGUAGE_STANDARD = gnu11;
				GCC_NO_COMMON_BLOCKS = YES;
				GCC_WARN_64_TO_32_BIT_CONVERSION = YES;
				GCC_WARN_ABOUT_RETURN_TYPE = YES_ERROR;
				GCC_WARN_UNDECLARED_SELECTOR = YES;
				GCC_WARN_UNINITIALIZED_AUTOS = YES_AGGRESSIVE;
				GCC_WARN_UNUSED_FUNCTION = YES;
				GCC_WARN_UNUSED_VARIABLE = YES;
				IPHONEOS_DEPLOYMENT_TARGET = 13.5;
				MTL_ENABLE_DEBUG_INFO = NO;
				MTL_FAST_MATH = YES;
				SDKROOT = iphoneos;
				SWIFT_COMPILATION_MODE = wholemodule;
				SWIFT_OPTIMIZATION_LEVEL = "-O";
				VALIDATE_PRODUCT = YES;
			};
			name = Release;
		};
		2A60479324DC584C00E082C7 /* Debug */ = {
			isa = XCBuildConfiguration;
			buildSettings = {
				ASSETCATALOG_COMPILER_APPICON_NAME = AppIcon;
				CODE_SIGN_STYLE = Automatic;
				DEVELOPMENT_TEAM = 74DA9KB98N;
				INFOPLIST_FILE = Hello/Info.plist;
				LD_RUNPATH_SEARCH_PATHS = (
					"$(inherited)",
					"@executable_path/Frameworks",
				);
				PRODUCT_BUNDLE_IDENTIFIER = com.sophiekim.Hello;
				PRODUCT_NAME = "$(TARGET_NAME)";
				SWIFT_VERSION = 5.0;
				TARGETED_DEVICE_FAMILY = "1,2";
			};
			name = Debug;
		};
		2A60479424DC584C00E082C7 /* Release */ = {
			isa = XCBuildConfiguration;
			buildSettings = {
				ASSETCATALOG_COMPILER_APPICON_NAME = AppIcon;
				CODE_SIGN_STYLE = Automatic;
				DEVELOPMENT_TEAM = 74DA9KB98N;
				INFOPLIST_FILE = Hello/Info.plist;
				LD_RUNPATH_SEARCH_PATHS = (
					"$(inherited)",
					"@executable_path/Frameworks",
				);
				PRODUCT_BUNDLE_IDENTIFIER = com.sophiekim.Hello;
				PRODUCT_NAME = "$(TARGET_NAME)";
				SWIFT_VERSION = 5.0;
				TARGETED_DEVICE_FAMILY = "1,2";
			};
			name = Release;
		};
		2A60479624DC584C00E082C7 /* Debug */ = {
			isa = XCBuildConfiguration;
			buildSettings = {
				ALWAYS_EMBED_SWIFT_STANDARD_LIBRARIES = YES;
				BUNDLE_LOADER = "$(TEST_HOST)";
				CODE_SIGN_STYLE = Automatic;
				DEVELOPMENT_TEAM = 74DA9KB98N;
				INFOPLIST_FILE = HelloTests/Info.plist;
				IPHONEOS_DEPLOYMENT_TARGET = 13.5;
				LD_RUNPATH_SEARCH_PATHS = (
					"$(inherited)",
					"@executable_path/Frameworks",
					"@loader_path/Frameworks",
				);
				PRODUCT_BUNDLE_IDENTIFIER = com.sophiekim.HelloTests;
				PRODUCT_NAME = "$(TARGET_NAME)";
				SWIFT_VERSION = 5.0;
				TARGETED_DEVICE_FAMILY = "1,2";
				TEST_HOST = "$(BUILT_PRODUCTS_DIR)/Hello.app/Hello";
			};
			name = Debug;
		};
		2A60479724DC584C00E082C7 /* Release */ = {
			isa = XCBuildConfiguration;
			buildSettings = {
				ALWAYS_EMBED_SWIFT_STANDARD_LIBRARIES = YES;
				BUNDLE_LOADER = "$(TEST_HOST)";
				CODE_SIGN_STYLE = Automatic;
				DEVELOPMENT_TEAM = 74DA9KB98N;
				INFOPLIST_FILE = HelloTests/Info.plist;
				IPHONEOS_DEPLOYMENT_TARGET = 13.5;
				LD_RUNPATH_SEARCH_PATHS = (
					"$(inherited)",
					"@executable_path/Frameworks",
					"@loader_path/Frameworks",
				);
				PRODUCT_BUNDLE_IDENTIFIER = com.sophiekim.HelloTests;
				PRODUCT_NAME = "$(TARGET_NAME)";
				SWIFT_VERSION = 5.0;
				TARGETED_DEVICE_FAMILY = "1,2";
				TEST_HOST = "$(BUILT_PRODUCTS_DIR)/Hello.app/Hello";
			};
			name = Release;
		};
		2A60479924DC584C00E082C7 /* Debug */ = {
			isa = XCBuildConfiguration;
			buildSettings = {
				ALWAYS_EMBED_SWIFT_STANDARD_LIBRARIES = YES;
				CODE_SIGN_STYLE = Automatic;
				DEVELOPMENT_TEAM = 74DA9KB98N;
				INFOPLIST_FILE = HelloUITests/Info.plist;
				LD_RUNPATH_SEARCH_PATHS = (
					"$(inherited)",
					"@executable_path/Frameworks",
					"@loader_path/Frameworks",
				);
				PRODUCT_BUNDLE_IDENTIFIER = com.sophiekim.HelloUITests;
				PRODUCT_NAME = "$(TARGET_NAME)";
				SWIFT_VERSION = 5.0;
				TARGETED_DEVICE_FAMILY = "1,2";
				TEST_TARGET_NAME = Hello;
			};
			name = Debug;
		};
		2A60479A24DC584C00E082C7 /* Release */ = {
			isa = XCBuildConfiguration;
			buildSettings = {
				ALWAYS_EMBED_SWIFT_STANDARD_LIBRARIES = YES;
				CODE_SIGN_STYLE = Automatic;
				DEVELOPMENT_TEAM = 74DA9KB98N;
				INFOPLIST_FILE = HelloUITests/Info.plist;
				LD_RUNPATH_SEARCH_PATHS = (
					"$(inherited)",
					"@executable_path/Frameworks",
					"@loader_path/Frameworks",
				);
				PRODUCT_BUNDLE_IDENTIFIER = com.sophiekim.HelloUITests;
				PRODUCT_NAME = "$(TARGET_NAME)";
				SWIFT_VERSION = 5.0;
				TARGETED_DEVICE_FAMILY = "1,2";
				TEST_TARGET_NAME = Hello;
			};
			name = Release;
		};
/* End XCBuildConfiguration section */

/* Begin XCConfigurationList section */
		2A60476324DC584A00E082C7 /* Build configuration list for PBXProject "Hello" */ = {
			isa = XCConfigurationList;
			buildConfigurations = (
				2A60479024DC584C00E082C7 /* Debug */,
				2A60479124DC584C00E082C7 /* Release */,
			);
			defaultConfigurationIsVisible = 0;
			defaultConfigurationName = Release;
		};
		2A60479224DC584C00E082C7 /* Build configuration list for PBXNativeTarget "Hello" */ = {
			isa = XCConfigurationList;
			buildConfigurations = (
				2A60479324DC584C00E082C7 /* Debug */,
				2A60479424DC584C00E082C7 /* Release */,
			);
			defaultConfigurationIsVisible = 0;
			defaultConfigurationName = Release;
		};
		2A60479524DC584C00E082C7 /* Build configuration list for PBXNativeTarget "HelloTests" */ = {
			isa = XCConfigurationList;
			buildConfigurations = (
				2A60479624DC584C00E082C7 /* Debug */,
				2A60479724DC584C00E082C7 /* Release */,
			);
			defaultConfigurationIsVisible = 0;
			defaultConfigurationName = Release;
		};
		2A60479824DC584C00E082C7 /* Build configuration list for PBXNativeTarget "HelloUITests" */ = {
			isa = XCConfigurationList;
			buildConfigurations = (
				2A60479924DC584C00E082C7 /* Debug */,
				2A60479A24DC584C00E082C7 /* Release */,
			);
			defaultConfigurationIsVisible = 0;
			defaultConfigurationName = Release;
		};
/* End XCConfigurationList section */
	};
	rootObject = 2A60476024DC584A00E082C7 /* Project object */;
}
